
Microsoft Visual Studio Solution File, Format Version 12.00
# Visual Studio Version 17
VisualStudioVersion = 17.7.34202.233
MinimumVisualStudioVersion = 10.0.40219.1
Project("{FAE04EC0-301F-11D3-BF4B-00C04F79EFBC}") = "TestProject", "TestProject\TestProject.csproj", "{93685B1A-911D-4EAE-B0A5-0FC2C0B683D4}"
EndProject
Global
	GlobalSection(SolutionConfigurationPlatforms) = preSolution
		Debug|Any CPU = Debug|Any CPU
		Release|Any CPU = Release|Any CPU
	EndGlobalSection
	GlobalSection(ProjectConfigurationPlatforms) = postSolution
		{93685B1A-911D-4EAE-B0A5-0FC2C0B683D4}.Debug|Any CPU.ActiveCfg = Debug|Any CPU
		{93685B1A-911D-4EAE-B0A5-0FC2C0B683D4}.Debug|Any CPU.Build.0 = Debug|Any CPU
		{93685B1A-911D-4EAE-B0A5-0FC2C0B683D4}.Release|Any CPU.ActiveCfg = Release|Any CPU
		{93685B1A-911D-4EAE-B0A5-0FC2C0B683D4}.Release|Any CPU.Build.0 = Release|Any CPU
	EndGlobalSection
	GlobalSection(SolutionProperties) = preSolution
		HideSolutionNode = FALSE
	EndGlobalSection
	GlobalSection(ExtensibilityGlobals) = postSolution
		SolutionGuid = {09658E69-AB15-494F-8FC0-3C7AF7388A2B}
	EndGlobalSection
EndGlobal
